<?xml version="1.0" encoding="UTF-8" standalone="yes" ?>
<CodeBlocks_project_file>
	<FileVersion major="1" minor="6" />
	<Project>
		<Option title="Convolutional Neural Networks" />
		<Option pch_mode="2" />
		<Option compiler="gcc" />
		<Build>
			<Target title="Release">
				<Option output="bin/Release/Convolutional Neural Networks" prefix_auto="1" extension_auto="1" />
				<Option object_output="obj/Release/" />
				<Option type="1" />
				<Option compiler="gcc" />
				<Compiler>
					<Add option="-O2" />
				</Compiler>
				<Linker>
					<Add option="-s" />
				</Linker>
			</Target>
		</Build>
		<Compiler>
			<Add option="-Wall" />
			<Add option="-fexceptions" />
		</Compiler>
		<Unit filename="headers/activation_function.h" />
		<Unit filename="headers/activation_layer.h" />
		<Unit filename="headers/convolution_layer.h" />
		<Unit filename="headers/fully_connected_layer.h" />
		<Unit filename="headers/layer.h" />
		<Unit filename="headers/leaky_relu_activation_function.h" />
		<Unit filename="headers/logistic_activation_function.h" />
		<Unit filename="headers/network.h" />
		<Unit filename="headers/relu_activation_function.h" />
		<Unit filename="headers/structure.h" />
		<Unit filename="sources/activation_layer.cpp" />
		<Unit filename="sources/convolution_layer.cpp" />
		<Unit filename="sources/fully_connected_layer.cpp" />
		<Unit filename="sources/layer.cpp" />
		<Unit filename="sources/leaky_relu_activation_function.cpp" />
		<Unit filename="sources/logistic_activation_function.cpp" />
		<Unit filename="sources/main.cpp" />
		<Unit filename="sources/network.cpp" />
		<Unit filename="sources/relu_activation_function.cpp" />
		<Unit filename="sources/structure.cpp" />
		<Extensions>
			<code_completion />
			<envvars />
			<debugger />
		</Extensions>
	</Project>
</CodeBlocks_project_file>
