<?xml version="1.0" encoding="UTF-8" standalone="yes" ?>
<CodeBlocks_project_file>
	<FileVersion major="1" minor="6" />
	<Project>
		<Option title="digit_recognizer" />
		<Option pch_mode="2" />
		<Option compiler="gcc" />
		<Build>
			<Target title="release">
				<Option output="bin/digit_recognizer" prefix_auto="1" extension_auto="1" />
				<Option object_output="obj/" />
				<Option type="1" />
				<Option compiler="gcc" />
				<Compiler>
					<Add option="-O2" />
				</Compiler>
				<Linker>
					<Add option="-s" />
				</Linker>
			</Target>
		</Build>
		<VirtualTargets>
			<Add alias="All" targets="release;" />
		</VirtualTargets>
		<Compiler>
			<Add option="-Wall" />
			<Add option="-fexceptions" />
		</Compiler>
		<Unit filename="../kigarai/activation_functions/arctan_activation_function.cpp" />
		<Unit filename="../kigarai/activation_functions/leaky_relu_activation_function.cpp" />
		<Unit filename="../kigarai/activation_functions/logistic_activation_function.cpp" />
		<Unit filename="../kigarai/activation_functions/relu_activation_function.cpp" />
		<Unit filename="../kigarai/activation_functions/tanh_activation_function.cpp" />
		<Unit filename="../kigarai/layers/activation_layer.cpp" />
		<Unit filename="../kigarai/layers/convolution_layer.cpp" />
		<Unit filename="../kigarai/layers/fully_connected_layer.cpp" />
		<Unit filename="../kigarai/layers/layer.cpp" />
		<Unit filename="../kigarai/layers/padding_layer.cpp" />
		<Unit filename="../kigarai/layers/polling_layer.cpp" />
		<Unit filename="../kigarai/layers/structure/structure.cpp" />
		<Unit filename="../kigarai/network/network.cpp" />
		<Unit filename="../kigarai/trainer/trainer.cpp" />
		<Unit filename="digit_recognizer.cpp" />
		<Extensions>
			<code_completion />
			<envvars />
			<debugger />
		</Extensions>
	</Project>
</CodeBlocks_project_file>
